
Microsoft Visual Studio Solution File, Format Version 12.00
# Visual Studio Version 17
VisualStudioVersion = 17.10.34928.147
MinimumVisualStudioVersion = 10.0.40219.1
Project("{FAE04EC0-301F-11D3-BF4B-00C04F79EFBC}") = "LearningAJAX", "LearningAJAX.csproj", "{B7F0596C-3C94-4CFC-A6D5-22B948227513}"
EndProject
Project("{FAE04EC0-301F-11D3-BF4B-00C04F79EFBC}") = "DataConnection", "..\DataConnection\DataConnection.csproj", "{DD05F889-9CFD-47BB-B91F-6659B8F39048}"
EndProject
Project("{00D1A9C2-B5F0-4AF3-8072-F6C62B433612}") = "AjaxDb", "..\AjaxDb\AjaxDb.sqlproj", "{6F534A4F-E0D3-468C-BAE5-DA42D32FC918}"
EndProject
Global
	GlobalSection(SolutionConfigurationPlatforms) = preSolution
		Debug|Any CPU = Debug|Any CPU
		Release|Any CPU = Release|Any CPU
	EndGlobalSection
	GlobalSection(ProjectConfigurationPlatforms) = postSolution
		{B7F0596C-3C94-4CFC-A6D5-22B948227513}.Debug|Any CPU.ActiveCfg = Debug|Any CPU
		{B7F0596C-3C94-4CFC-A6D5-22B948227513}.Debug|Any CPU.Build.0 = Debug|Any CPU
		{B7F0596C-3C94-4CFC-A6D5-22B948227513}.Release|Any CPU.ActiveCfg = Release|Any CPU
		{B7F0596C-3C94-4CFC-A6D5-22B948227513}.Release|Any CPU.Build.0 = Release|Any CPU
		{DD05F889-9CFD-47BB-B91F-6659B8F39048}.Debug|Any CPU.ActiveCfg = Debug|Any CPU
		{DD05F889-9CFD-47BB-B91F-6659B8F39048}.Debug|Any CPU.Build.0 = Debug|Any CPU
		{DD05F889-9CFD-47BB-B91F-6659B8F39048}.Release|Any CPU.ActiveCfg = Release|Any CPU
		{DD05F889-9CFD-47BB-B91F-6659B8F39048}.Release|Any CPU.Build.0 = Release|Any CPU
		{6F534A4F-E0D3-468C-BAE5-DA42D32FC918}.Debug|Any CPU.ActiveCfg = Debug|Any CPU
		{6F534A4F-E0D3-468C-BAE5-DA42D32FC918}.Debug|Any CPU.Build.0 = Debug|Any CPU
		{6F534A4F-E0D3-468C-BAE5-DA42D32FC918}.Debug|Any CPU.Deploy.0 = Debug|Any CPU
		{6F534A4F-E0D3-468C-BAE5-DA42D32FC918}.Release|Any CPU.ActiveCfg = Release|Any CPU
		{6F534A4F-E0D3-468C-BAE5-DA42D32FC918}.Release|Any CPU.Build.0 = Release|Any CPU
		{6F534A4F-E0D3-468C-BAE5-DA42D32FC918}.Release|Any CPU.Deploy.0 = Release|Any CPU
	EndGlobalSection
	GlobalSection(SolutionProperties) = preSolution
		HideSolutionNode = FALSE
	EndGlobalSection
	GlobalSection(ExtensibilityGlobals) = postSolution
		SolutionGuid = {E14C72EA-A0EB-4B88-8E90-6AE71CCA9693}
	EndGlobalSection
EndGlobal
